
Microsoft Visual Studio Solution File, Format Version 12.00
# Visual Studio 15
VisualStudioVersion = 15.0.26730.10
MinimumVisualStudioVersion = 10.0.40219.1
Project("{FAE04EC0-301F-11D3-BF4B-00C04F79EFBC}") = "SpotifyAPI", "SpotifyAPI\SpotifyAPI.csproj", "{EBBE35E2-7B91-4D7D-B8FC-3A0472F5119D}"
EndProject
Project("{FAE04EC0-301F-11D3-BF4B-00C04F79EFBC}") = "ConvertPlaylist.App", "ConvertPlaylist.App\ConvertPlaylist.App.csproj", "{C8968A03-497E-4BAB-B492-5651AE7E0C06}"
EndProject
Global
	GlobalSection(SolutionConfigurationPlatforms) = preSolution
		Debug|Any CPU = Debug|Any CPU
		Debug|x86 = Debug|x86
		Release|Any CPU = Release|Any CPU
		Release|x86 = Release|x86
	EndGlobalSection
	GlobalSection(ProjectConfigurationPlatforms) = postSolution
		{EBBE35E2-7B91-4D7D-B8FC-3A0472F5119D}.Debug|Any CPU.ActiveCfg = Debug|Any CPU
		{EBBE35E2-7B91-4D7D-B8FC-3A0472F5119D}.Debug|Any CPU.Build.0 = Debug|Any CPU
		{EBBE35E2-7B91-4D7D-B8FC-3A0472F5119D}.Debug|x86.ActiveCfg = Debug|Any CPU
		{EBBE35E2-7B91-4D7D-B8FC-3A0472F5119D}.Debug|x86.Build.0 = Debug|Any CPU
		{EBBE35E2-7B91-4D7D-B8FC-3A0472F5119D}.Release|Any CPU.ActiveCfg = Release|Any CPU
		{EBBE35E2-7B91-4D7D-B8FC-3A0472F5119D}.Release|Any CPU.Build.0 = Release|Any CPU
		{EBBE35E2-7B91-4D7D-B8FC-3A0472F5119D}.Release|x86.ActiveCfg = Release|Any CPU
		{EBBE35E2-7B91-4D7D-B8FC-3A0472F5119D}.Release|x86.Build.0 = Release|Any CPU
		{C8968A03-497E-4BAB-B492-5651AE7E0C06}.Debug|Any CPU.ActiveCfg = Debug|Any CPU
		{C8968A03-497E-4BAB-B492-5651AE7E0C06}.Debug|Any CPU.Build.0 = Debug|Any CPU
		{C8968A03-497E-4BAB-B492-5651AE7E0C06}.Debug|x86.ActiveCfg = Debug|x86
		{C8968A03-497E-4BAB-B492-5651AE7E0C06}.Debug|x86.Build.0 = Debug|x86
		{C8968A03-497E-4BAB-B492-5651AE7E0C06}.Release|Any CPU.ActiveCfg = Release|Any CPU
		{C8968A03-497E-4BAB-B492-5651AE7E0C06}.Release|Any CPU.Build.0 = Release|Any CPU
		{C8968A03-497E-4BAB-B492-5651AE7E0C06}.Release|x86.ActiveCfg = Release|x86
		{C8968A03-497E-4BAB-B492-5651AE7E0C06}.Release|x86.Build.0 = Release|x86
	EndGlobalSection
	GlobalSection(SolutionProperties) = preSolution
		HideSolutionNode = FALSE
	EndGlobalSection
	GlobalSection(ExtensibilityGlobals) = postSolution
		SolutionGuid = {E406D222-0103-48CB-9D02-E13BE6A97696}
	EndGlobalSection
EndGlobal
